// !$*UTF8*$!
{
	archiveVersion = 1;
	classes = {
	};
	objectVersion = 45;
	objects = {

/* Begin PBXBuildFile section */
		46C3398216D995D700F61C3E /* Alpha Beta.cpp in Sources */ = {isa = PBXBuildFile; fileRef = 46C3397116D995D700F61C3E /* Alpha Beta.cpp */; };
		46C3398316D995D700F61C3E /* Eval.cpp in Sources */ = {isa = PBXBuildFile; fileRef = 46C3397316D995D700F61C3E /* Eval.cpp */; };
		46C3398416D995D700F61C3E /* Game.cpp in Sources */ = {isa = PBXBuildFile; fileRef = 46C3397516D995D700F61C3E /* Game.cpp */; };
		46C3398516D995D700F61C3E /* Math.cpp in Sources */ = {isa = PBXBuildFile; fileRef = 46C3397716D995D700F61C3E /* Math.cpp */; };
		46C3398616D995D700F61C3E /* Misc.cpp in Sources */ = {isa = PBXBuildFile; fileRef = 46C3397916D995D700F61C3E /* Misc.cpp */; };
		46C3398716D995D700F61C3E /* Move.cpp in Sources */ = {isa = PBXBuildFile; fileRef = 46C3397A16D995D700F61C3E /* Move.cpp */; };
		46C3398816D995D700F61C3E /* Stopwatch.cpp in Sources */ = {isa = PBXBuildFile; fileRef = 46C3397D16D995D700F61C3E /* Stopwatch.cpp */; };
		46C3398916D995D700F61C3E /* Timer.cpp in Sources */ = {isa = PBXBuildFile; fileRef = 46C3397F16D995D700F61C3E /* Timer.cpp */; };
		46C3398C16D996D100F61C3E /* UCT.cpp in Sources */ = {isa = PBXBuildFile; fileRef = 46C3398B16D996D100F61C3E /* UCT.cpp */; };
		46C339B616DAB53800F61C3E /* RandomPlayer.cpp in Sources */ = {isa = PBXBuildFile; fileRef = 46C339B516DAB53800F61C3E /* RandomPlayer.cpp */; };
		46C339B916DAB5A800F61C3E /* PlayRandom.cpp in Sources */ = {isa = PBXBuildFile; fileRef = 46C339B816DAB5A800F61C3E /* PlayRandom.cpp */; };
		8DD76F650486A84900D96B5E /* main.cpp in Sources */ = {isa = PBXBuildFile; fileRef = 08FB7796FE84155DC02AAC07 /* main.cpp */; settings = {ATTRIBUTES = (); }; };
		8DD76F6A0486A84900D96B5E /* Breakthrough UCT.1 in CopyFiles */ = {isa = PBXBuildFile; fileRef = C6859E8B029090EE04C91782 /* Breakthrough UCT.1 */; };
/* End PBXBuildFile section */

/* Begin PBXCopyFilesBuildPhase section */
		8DD76F690486A84900D96B5E /* CopyFiles */ = {
			isa = PBXCopyFilesBuildPhase;
			buildActionMask = 8;
			dstPath = /usr/share/man/man1/;
			dstSubfolderSpec = 0;
			files = (
				8DD76F6A0486A84900D96B5E /* Breakthrough UCT.1 in CopyFiles */,
			);
			runOnlyForDeploymentPostprocessing = 1;
		};
/* End PBXCopyFilesBuildPhase section */

/* Begin PBXFileReference section */
		08FB7796FE84155DC02AAC07 /* main.cpp */ = {isa = PBXFileReference; fileEncoding = 4; lastKnownFileType = sourcecode.cpp.cpp; path = main.cpp; sourceTree = "<group>"; };
		46C3397116D995D700F61C3E /* Alpha Beta.cpp */ = {isa = PBXFileReference; fileEncoding = 4; lastKnownFileType = sourcecode.cpp.cpp; path = "Alpha Beta.cpp"; sourceTree = "<group>"; };
		46C3397216D995D700F61C3E /* Alpha Beta.h */ = {isa = PBXFileReference; fileEncoding = 4; lastKnownFileType = sourcecode.c.h; path = "Alpha Beta.h"; sourceTree = "<group>"; };
		46C3397316D995D700F61C3E /* Eval.cpp */ = {isa = PBXFileReference; fileEncoding = 4; lastKnownFileType = sourcecode.cpp.cpp; path = Eval.cpp; sourceTree = "<group>"; };
		46C3397416D995D700F61C3E /* Eval.h */ = {isa = PBXFileReference; fileEncoding = 4; lastKnownFileType = sourcecode.c.h; path = Eval.h; sourceTree = "<group>"; };
		46C3397516D995D700F61C3E /* Game.cpp */ = {isa = PBXFileReference; fileEncoding = 4; lastKnownFileType = sourcecode.cpp.cpp; path = Game.cpp; sourceTree = "<group>"; };
		46C3397616D995D700F61C3E /* Game.h */ = {isa = PBXFileReference; fileEncoding = 4; lastKnownFileType = sourcecode.c.h; path = Game.h; sourceTree = "<group>"; };
		46C3397716D995D700F61C3E /* Math.cpp */ = {isa = PBXFileReference; fileEncoding = 4; lastKnownFileType = sourcecode.cpp.cpp; path = Math.cpp; sourceTree = "<group>"; };
		46C3397816D995D700F61C3E /* Math.h */ = {isa = PBXFileReference; fileEncoding = 4; lastKnownFileType = sourcecode.c.h; path = Math.h; sourceTree = "<group>"; };
		46C3397916D995D700F61C3E /* Misc.cpp */ = {isa = PBXFileReference; fileEncoding = 4; lastKnownFileType = sourcecode.cpp.cpp; path = Misc.cpp; sourceTree = "<group>"; };
		46C3397A16D995D700F61C3E /* Move.cpp */ = {isa = PBXFileReference; fileEncoding = 4; lastKnownFileType = sourcecode.cpp.cpp; path = Move.cpp; sourceTree = "<group>"; };
		46C3397B16D995D700F61C3E /* Move.h */ = {isa = PBXFileReference; fileEncoding = 4; lastKnownFileType = sourcecode.c.h; path = Move.h; sourceTree = "<group>"; };
		46C3397C16D995D700F61C3E /* Piece.h */ = {isa = PBXFileReference; fileEncoding = 4; lastKnownFileType = sourcecode.c.h; path = Piece.h; sourceTree = "<group>"; };
		46C3397D16D995D700F61C3E /* Stopwatch.cpp */ = {isa = PBXFileReference; fileEncoding = 4; lastKnownFileType = sourcecode.cpp.cpp; path = Stopwatch.cpp; sourceTree = "<group>"; };
		46C3397E16D995D700F61C3E /* Stopwatch.h */ = {isa = PBXFileReference; fileEncoding = 4; lastKnownFileType = sourcecode.c.h; path = Stopwatch.h; sourceTree = "<group>"; };
		46C3397F16D995D700F61C3E /* Timer.cpp */ = {isa = PBXFileReference; fileEncoding = 4; lastKnownFileType = sourcecode.cpp.cpp; path = Timer.cpp; sourceTree = "<group>"; };
		46C3398016D995D700F61C3E /* Timer.h */ = {isa = PBXFileReference; fileEncoding = 4; lastKnownFileType = sourcecode.c.h; path = Timer.h; sourceTree = "<group>"; };
		46C3398116D995D700F61C3E /* ZobristValues.h */ = {isa = PBXFileReference; fileEncoding = 4; lastKnownFileType = sourcecode.c.h; path = ZobristValues.h; sourceTree = "<group>"; };
		46C3398A16D996D100F61C3E /* UCT.h */ = {isa = PBXFileReference; fileEncoding = 4; lastKnownFileType = sourcecode.c.h; path = UCT.h; sourceTree = "<group>"; };
		46C3398B16D996D100F61C3E /* UCT.cpp */ = {isa = PBXFileReference; fileEncoding = 4; lastKnownFileType = sourcecode.cpp.cpp; path = UCT.cpp; sourceTree = "<group>"; };
		46C339B516DAB53800F61C3E /* RandomPlayer.cpp */ = {isa = PBXFileReference; fileEncoding = 4; lastKnownFileType = sourcecode.cpp.cpp; path = RandomPlayer.cpp; sourceTree = "<group>"; };
		46C339B716DAB5A800F61C3E /* PlayRandom.h */ = {isa = PBXFileReference; fileEncoding = 4; lastKnownFileType = sourcecode.c.h; path = PlayRandom.h; sourceTree = "<group>"; };
		46C339B816DAB5A800F61C3E /* PlayRandom.cpp */ = {isa = PBXFileReference; fileEncoding = 4; lastKnownFileType = sourcecode.cpp.cpp; path = PlayRandom.cpp; sourceTree = "<group>"; };
		8DD76F6C0486A84900D96B5E /* Breakthrough UCT */ = {isa = PBXFileReference; explicitFileType = "compiled.mach-o.executable"; includeInIndex = 0; path = "Breakthrough UCT"; sourceTree = BUILT_PRODUCTS_DIR; };
		C6859E8B029090EE04C91782 /* Breakthrough UCT.1 */ = {isa = PBXFileReference; lastKnownFileType = text.man; path = "Breakthrough UCT.1"; sourceTree = "<group>"; };
/* End PBXFileReference section */

/* Begin PBXFrameworksBuildPhase section */
		8DD76F660486A84900D96B5E /* Frameworks */ = {
			isa = PBXFrameworksBuildPhase;
			buildActionMask = 2147483647;
			files = (
			);
			runOnlyForDeploymentPostprocessing = 0;
		};
/* End PBXFrameworksBuildPhase section */

/* Begin PBXGroup section */
		08FB7794FE84155DC02AAC07 /* Breakthrough UCT */ = {
			isa = PBXGroup;
			children = (
				08FB7795FE84155DC02AAC07 /* Source */,
				C6859E8C029090F304C91782 /* Documentation */,
				1AB674ADFE9D54B511CA2CBB /* Products */,
				46C3398A16D996D100F61C3E /* UCT.h */,
				46C3398B16D996D100F61C3E /* UCT.cpp */,
			);
			name = "Breakthrough UCT";
			sourceTree = "<group>";
		};
		08FB7795FE84155DC02AAC07 /* Source */ = {
			isa = PBXGroup;
			children = (
				46C339B516DAB53800F61C3E /* RandomPlayer.cpp */,
				08FB7796FE84155DC02AAC07 /* main.cpp */,
				46C3397116D995D700F61C3E /* Alpha Beta.cpp */,
				46C3397216D995D700F61C3E /* Alpha Beta.h */,
				46C3397316D995D700F61C3E /* Eval.cpp */,
				46C3397416D995D700F61C3E /* Eval.h */,
				46C3397516D995D700F61C3E /* Game.cpp */,
				46C3397616D995D700F61C3E /* Game.h */,
				46C3397716D995D700F61C3E /* Math.cpp */,
				46C3397816D995D700F61C3E /* Math.h */,
				46C3397916D995D700F61C3E /* Misc.cpp */,
				46C3397A16D995D700F61C3E /* Move.cpp */,
				46C3397B16D995D700F61C3E /* Move.h */,
				46C3397C16D995D700F61C3E /* Piece.h */,
				46C3397D16D995D700F61C3E /* Stopwatch.cpp */,
				46C3397E16D995D700F61C3E /* Stopwatch.h */,
				46C3397F16D995D700F61C3E /* Timer.cpp */,
				46C3398016D995D700F61C3E /* Timer.h */,
				46C3398116D995D700F61C3E /* ZobristValues.h */,
				46C339B716DAB5A800F61C3E /* PlayRandom.h */,
				46C339B816DAB5A800F61C3E /* PlayRandom.cpp */,
			);
			name = Source;
			sourceTree = "<group>";
		};
		1AB674ADFE9D54B511CA2CBB /* Products */ = {
			isa = PBXGroup;
			children = (
				8DD76F6C0486A84900D96B5E /* Breakthrough UCT */,
			);
			name = Products;
			sourceTree = "<group>";
		};
		C6859E8C029090F304C91782 /* Documentation */ = {
			isa = PBXGroup;
			children = (
				C6859E8B029090EE04C91782 /* Breakthrough UCT.1 */,
			);
			name = Documentation;
			sourceTree = "<group>";
		};
/* End PBXGroup section */

/* Begin PBXNativeTarget section */
		8DD76F620486A84900D96B5E /* Breakthrough UCT */ = {
			isa = PBXNativeTarget;
			buildConfigurationList = 1DEB923108733DC60010E9CD /* Build configuration list for PBXNativeTarget "Breakthrough UCT" */;
			buildPhases = (
				8DD76F640486A84900D96B5E /* Sources */,
				8DD76F660486A84900D96B5E /* Frameworks */,
				8DD76F690486A84900D96B5E /* CopyFiles */,
			);
			buildRules = (
			);
			dependencies = (
			);
			name = "Breakthrough UCT";
			productInstallPath = "$(HOME)/bin";
			productName = "Breakthrough UCT";
			productReference = 8DD76F6C0486A84900D96B5E /* Breakthrough UCT */;
			productType = "com.apple.product-type.tool";
		};
/* End PBXNativeTarget section */

/* Begin PBXProject section */
		08FB7793FE84155DC02AAC07 /* Project object */ = {
			isa = PBXProject;
			buildConfigurationList = 1DEB923508733DC60010E9CD /* Build configuration list for PBXProject "Breakthrough UCT" */;
			compatibilityVersion = "Xcode 3.1";
			developmentRegion = English;
			hasScannedForEncodings = 1;
			knownRegions = (
				English,
				Japanese,
				French,
				German,
			);
			mainGroup = 08FB7794FE84155DC02AAC07 /* Breakthrough UCT */;
			projectDirPath = "";
			projectRoot = "";
			targets = (
				8DD76F620486A84900D96B5E /* Breakthrough UCT */,
			);
		};
/* End PBXProject section */

/* Begin PBXSourcesBuildPhase section */
		8DD76F640486A84900D96B5E /* Sources */ = {
			isa = PBXSourcesBuildPhase;
			buildActionMask = 2147483647;
			files = (
				8DD76F650486A84900D96B5E /* main.cpp in Sources */,
				46C3398216D995D700F61C3E /* Alpha Beta.cpp in Sources */,
				46C3398316D995D700F61C3E /* Eval.cpp in Sources */,
				46C3398416D995D700F61C3E /* Game.cpp in Sources */,
				46C3398516D995D700F61C3E /* Math.cpp in Sources */,
				46C3398616D995D700F61C3E /* Misc.cpp in Sources */,
				46C3398716D995D700F61C3E /* Move.cpp in Sources */,
				46C3398816D995D700F61C3E /* Stopwatch.cpp in Sources */,
				46C3398916D995D700F61C3E /* Timer.cpp in Sources */,
				46C3398C16D996D100F61C3E /* UCT.cpp in Sources */,
				46C339B616DAB53800F61C3E /* RandomPlayer.cpp in Sources */,
				46C339B916DAB5A800F61C3E /* PlayRandom.cpp in Sources */,
			);
			runOnlyForDeploymentPostprocessing = 0;
		};
/* End PBXSourcesBuildPhase section */

/* Begin XCBuildConfiguration section */
		1DEB923208733DC60010E9CD /* Debug */ = {
			isa = XCBuildConfiguration;
			buildSettings = {
				ALWAYS_SEARCH_USER_PATHS = NO;
				COPY_PHASE_STRIP = NO;
				GCC_DYNAMIC_NO_PIC = NO;
				GCC_ENABLE_FIX_AND_CONTINUE = YES;
				GCC_MODEL_TUNING = G5;
				GCC_OPTIMIZATION_LEVEL = 0;
				INSTALL_PATH = /usr/local/bin;
				PRODUCT_NAME = "Breakthrough UCT";
			};
			name = Debug;
		};
		1DEB923308733DC60010E9CD /* Release */ = {
			isa = XCBuildConfiguration;
			buildSettings = {
				ALWAYS_SEARCH_USER_PATHS = NO;
				DEBUG_INFORMATION_FORMAT = "dwarf-with-dsym";
				GCC_MODEL_TUNING = G5;
				INSTALL_PATH = /usr/local/bin;
				PRODUCT_NAME = "Breakthrough UCT";
			};
			name = Release;
		};
		1DEB923608733DC60010E9CD /* Debug */ = {
			isa = XCBuildConfiguration;
			buildSettings = {
				ARCHS = "$(ARCHS_STANDARD_32_64_BIT)";
				GCC_C_LANGUAGE_STANDARD = gnu99;
				GCC_OPTIMIZATION_LEVEL = 0;
				GCC_WARN_ABOUT_RETURN_TYPE = YES;
				GCC_WARN_UNUSED_VARIABLE = YES;
				ONLY_ACTIVE_ARCH = YES;
				PREBINDING = NO;
				SDKROOT = macosx10.6;
			};
			name = Debug;
		};
		1DEB923708733DC60010E9CD /* Release */ = {
			isa = XCBuildConfiguration;
			buildSettings = {
				ARCHS = "$(ARCHS_STANDARD_32_64_BIT)";
				GCC_C_LANGUAGE_STANDARD = gnu99;
				GCC_WARN_ABOUT_RETURN_TYPE = YES;
				GCC_WARN_UNUSED_VARIABLE = YES;
				PREBINDING = NO;
				SDKROOT = macosx10.6;
			};
			name = Release;
		};
/* End XCBuildConfiguration section */

/* Begin XCConfigurationList section */
		1DEB923108733DC60010E9CD /* Build configuration list for PBXNativeTarget "Breakthrough UCT" */ = {
			isa = XCConfigurationList;
			buildConfigurations = (
				1DEB923208733DC60010E9CD /* Debug */,
				1DEB923308733DC60010E9CD /* Release */,
			);
			defaultConfigurationIsVisible = 0;
			defaultConfigurationName = Release;
		};
		1DEB923508733DC60010E9CD /* Build configuration list for PBXProject "Breakthrough UCT" */ = {
			isa = XCConfigurationList;
			buildConfigurations = (
				1DEB923608733DC60010E9CD /* Debug */,
				1DEB923708733DC60010E9CD /* Release */,
			);
			defaultConfigurationIsVisible = 0;
			defaultConfigurationName = Release;
		};
/* End XCConfigurationList section */
	};
	rootObject = 08FB7793FE84155DC02AAC07 /* Project object */;
}
